
Microsoft Visual Studio Solution File, Format Version 12.00
# Visual Studio Version 17
VisualStudioVersion = 17.7.34009.444
MinimumVisualStudioVersion = 10.0.40219.1
Project("{FAE04EC0-301F-11D3-BF4B-00C04F79EFBC}") = "KindleApp", "KindleApp\KindleApp.csproj", "{74741476-28A9-4FFD-97D7-2486557C9994}"
EndProject
Global
	GlobalSection(SolutionConfigurationPlatforms) = preSolution
		Debug|Any CPU = Debug|Any CPU
		Release|Any CPU = Release|Any CPU
	EndGlobalSection
	GlobalSection(ProjectConfigurationPlatforms) = postSolution
		{74741476-28A9-4FFD-97D7-2486557C9994}.Debug|Any CPU.ActiveCfg = Debug|Any CPU
		{74741476-28A9-4FFD-97D7-2486557C9994}.Debug|Any CPU.Build.0 = Debug|Any CPU
		{74741476-28A9-4FFD-97D7-2486557C9994}.Release|Any CPU.ActiveCfg = Release|Any CPU
		{74741476-28A9-4FFD-97D7-2486557C9994}.Release|Any CPU.Build.0 = Release|Any CPU
	EndGlobalSection
	GlobalSection(SolutionProperties) = preSolution
		HideSolutionNode = FALSE
	EndGlobalSection
	GlobalSection(ExtensibilityGlobals) = postSolution
		SolutionGuid = {1CDF48E5-9068-479B-9088-73A0BC44964D}
	EndGlobalSection
EndGlobal
